{
  "originHash" : "03d99ac88df017437541c1e569ed0b96b99ba94f3331648057bbb1f263923d55",
  "pins" : [
    {
      "identity" : "locked",
      "kind" : "remoteSourceControl",
      "location" : "https://github.com/arennow/Locked.git",
      "state" : {
        "revision" : "7555d7783fe6cd1cfcd59316295b116e337dd04a",
        "version" : "2.0.0"
      }
    },
    {
      "identity" : "sortandfilter",
      "kind" : "remoteSourceControl",
      "location" : "https://github.com/arennow/SortAndFilter.git",
      "state" : {
        "revision" : "08c1ba516ab68cd1e35eb8f2b431854f3e27ee4e",
        "version" : "1.2.0"
      }
    },
    {
      "identity" : "swift-algorithms",
      "kind" : "remoteSourceControl",
      "location" : "https://github.com/apple/swift-algorithms.git",
      "state" : {
        "revision" : "87e50f483c54e6efd60e885f7f5aa946cee68023",
        "version" : "1.2.1"
      }
    },
    {
      "identity" : "swift-numerics",
      "kind" : "remoteSourceControl",
      "location" : "https://github.com/apple/swift-numerics.git",
      "state" : {
        "revision" : "0c0290ff6b24942dadb83a929ffaaa1481df04a2",
        "version" : "1.1.1"
      }
    },
    {
      "identity" : "swift-system",
      "kind" : "remoteSourceControl",
      "location" : "https://github.com/apple/swift-system",
      "state" : {
        "revision" : "395a77f0aa927f0ff73941d7ac35f2b46d47c9db",
        "version" : "1.6.3"
      }
    }
  ],
  "version" : 3
}
