{
  "originHash" : "46e69c56dbd315caf59002763919c46a313dc837c14bfd3da5ebc117e93e5d7b",
  "pins" : [
    {
      "identity" : "locked",
      "kind" : "remoteSourceControl",
      "location" : "https://github.com/arennow/Locked.git",
      "state" : {
        "revision" : "0193503fed7d94927b1a49064ed06d1333a151dd",
        "version" : "1.1.0"
      }
    },
    {
      "identity" : "sortandfilter",
      "kind" : "remoteSourceControl",
      "location" : "https://github.com/arennow/SortAndFilter.git",
      "state" : {
        "revision" : "c24f836c051eaf5319abcc21ab66c58728bb8bd6",
        "version" : "1.0.0"
      }
    },
    {
      "identity" : "swift-algorithms",
      "kind" : "remoteSourceControl",
      "location" : "https://github.com/apple/swift-algorithms.git",
      "state" : {
        "revision" : "f6919dfc309e7f1b56224378b11e28bab5bccc42",
        "version" : "1.2.0"
      }
    },
    {
      "identity" : "swift-numerics",
      "kind" : "remoteSourceControl",
      "location" : "https://github.com/apple/swift-numerics.git",
      "state" : {
        "revision" : "0a5bc04095a675662cf24757cc0640aa2204253b",
        "version" : "1.0.2"
      }
    },
    {
      "identity" : "swift-system",
      "kind" : "remoteSourceControl",
      "location" : "https://github.com/apple/swift-system",
      "state" : {
        "revision" : "a34201439c74b53f0fd71ef11741af7e7caf01e1",
        "version" : "1.4.2"
      }
    }
  ],
  "version" : 3
}
